
Microsoft Visual Studio Solution File, Format Version 12.00
# Visual Studio Version 16
VisualStudioVersion = 16.0.29728.190
MinimumVisualStudioVersion = 10.0.40219.1
Project("{FAE04EC0-301F-11D3-BF4B-00C04F79EFBC}") = "DeDupeResolveCase", "DeDupeResolveCase\DeDupeResolveCase.csproj", "{A3910459-51C3-472B-BD17-3B141396A42D}"
EndProject
Global
	GlobalSection(SolutionConfigurationPlatforms) = preSolution
		Debug|Any CPU = Debug|Any CPU
		Release|Any CPU = Release|Any CPU
	EndGlobalSection
	GlobalSection(ProjectConfigurationPlatforms) = postSolution
		{A3910459-51C3-472B-BD17-3B141396A42D}.Debug|Any CPU.ActiveCfg = Debug|Any CPU
		{A3910459-51C3-472B-BD17-3B141396A42D}.Debug|Any CPU.Build.0 = Debug|Any CPU
		{A3910459-51C3-472B-BD17-3B141396A42D}.Release|Any CPU.ActiveCfg = Release|Any CPU
		{A3910459-51C3-472B-BD17-3B141396A42D}.Release|Any CPU.Build.0 = Release|Any CPU
	EndGlobalSection
	GlobalSection(SolutionProperties) = preSolution
		HideSolutionNode = FALSE
	EndGlobalSection
	GlobalSection(ExtensibilityGlobals) = postSolution
		SolutionGuid = {5B1DAF18-E2A5-4FDD-815A-8B16473B8CC1}
	EndGlobalSection
EndGlobal
